{
  "version": 4,
  "terraform_version": "1.3.7",
  "serial": 27,
  "lineage": "cc69d4a0-8f2e-aa9a-24ad-8e55592fc63d",
  "outputs": {},
  "resources": [
    {
      "mode": "data",
      "type": "template_file",
      "name": "cloudinit",
      "provider": "provider[\"registry.terraform.io/hashicorp/template\"]",
      "instances": [
        {
          "schema_version": 0,
          "attributes": {
            "filename": null,
            "id": "a64d6418a4bfc30e8d38bb36392fa21e0a792254d7fdcf066b455073b7aed6ce",
            "rendered": "#cloud-config\nusers:\n  - name: ubuntu\n    groups: sudo\n    shell: /bin/bash\n    sudo: ['ALL=(ALL) NOPASSWD:ALL']\n    ssh_authorized_keys:\n      - ssh-ed25519 AAAAC3NzaC1lZDI1NTE5AAAAIKq8dxK9r+Ca87zUgTgWGlaGMr9sQDNQ20iYAxwPbiNB cch@MBP-Costas\npackage_update: true\npackage_upgrade: false\npackages:\n - vim\n - nginx",
            "template": "#cloud-config\nusers:\n  - name: ubuntu\n    groups: sudo\n    shell: /bin/bash\n    sudo: ['ALL=(ALL) NOPASSWD:ALL']\n    ssh_authorized_keys:\n      - ${vms_ssh_root_key}\npackage_update: true\npackage_upgrade: false\npackages:\n - vim\n - nginx",
            "vars": {
              "vms_ssh_root_key": "ssh-ed25519 AAAAC3NzaC1lZDI1NTE5AAAAIKq8dxK9r+Ca87zUgTgWGlaGMr9sQDNQ20iYAxwPbiNB cch@MBP-Costas"
            }
          },
          "sensitive_attributes": []
        }
      ]
    },
    {
      "mode": "managed",
      "type": "yandex_vpc_network",
      "name": "develop",
      "provider": "provider[\"registry.terraform.io/yandex-cloud/yandex\"]",
      "instances": [
        {
          "schema_version": 0,
          "attributes": {
            "created_at": "2023-07-05T20:11:31Z",
            "default_security_group_id": "",
            "description": "",
            "folder_id": "b1gbcq5a26p0lc4ug961",
            "id": "enpakijcibbjhevmi9kk",
            "labels": {},
            "name": "develop",
            "subnet_ids": [
              "e9bnamp2jkhdofg58lra"
            ],
            "timeouts": null
          },
          "sensitive_attributes": [],
          "private": "eyJlMmJmYjczMC1lY2FhLTExZTYtOGY4OC0zNDM2M2JjN2M0YzAiOnsiY3JlYXRlIjo2MDAwMDAwMDAwMCwiZGVsZXRlIjo2MDAwMDAwMDAwMCwidXBkYXRlIjo2MDAwMDAwMDAwMH19"
        }
      ]
    },
    {
      "mode": "managed",
      "type": "yandex_vpc_subnet",
      "name": "develop",
      "provider": "provider[\"registry.terraform.io/yandex-cloud/yandex\"]",
      "instances": [
        {
          "schema_version": 0,
          "attributes": {
            "created_at": "2023-07-05T20:11:32Z",
            "description": "",
            "dhcp_options": [],
            "folder_id": "b1gbcq5a26p0lc4ug961",
            "id": "e9bnamp2jkhdofg58lra",
            "labels": {},
            "name": "develop",
            "network_id": "enpakijcibbjhevmi9kk",
            "route_table_id": "",
            "timeouts": null,
            "v4_cidr_blocks": [
              "10.0.1.0/24"
            ],
            "v6_cidr_blocks": [],
            "zone": "ru-central1-a"
          },
          "sensitive_attributes": [],
          "private": "eyJlMmJmYjczMC1lY2FhLTExZTYtOGY4OC0zNDM2M2JjN2M0YzAiOnsiY3JlYXRlIjoxODAwMDAwMDAwMDAsImRlbGV0ZSI6MTgwMDAwMDAwMDAwLCJ1cGRhdGUiOjE4MDAwMDAwMDAwMH19",
          "dependencies": [
            "yandex_vpc_network.develop"
          ]
        }
      ]
    },
    {
      "module": "module.module_network_subnet",
      "mode": "managed",
      "type": "yandex_vpc_subnet",
      "name": "develop",
      "provider": "provider[\"registry.terraform.io/yandex-cloud/yandex\"]",
      "instances": []
    },
    {
      "module": "module.test-vm",
      "mode": "data",
      "type": "yandex_compute_image",
      "name": "my_image",
      "provider": "provider[\"registry.terraform.io/yandex-cloud/yandex\"]",
      "instances": [
        {
          "schema_version": 0,
          "attributes": {
            "created_at": "2023-07-03T10:52:35Z",
            "description": "ubuntu 20.04 lts",
            "family": "ubuntu-2004-lts",
            "folder_id": "standard-images",
            "id": "fd8de1idq8noos4s3lfb",
            "image_id": "fd8de1idq8noos4s3lfb",
            "labels": {},
            "min_disk_size": 5,
            "name": "ubuntu-20-04-lts-v20230703",
            "os_type": "linux",
            "pooled": true,
            "product_ids": [
              "f2e0s5iuqbmirclti2d3"
            ],
            "size": 4,
            "status": "ready"
          },
          "sensitive_attributes": []
        }
      ]
    },
    {
      "module": "module.test-vm",
      "mode": "managed",
      "type": "yandex_compute_instance",
      "name": "vm",
      "provider": "provider[\"registry.terraform.io/yandex-cloud/yandex\"]",
      "instances": [
        {
          "index_key": 0,
          "schema_version": 1,
          "attributes": {
            "allow_recreate": null,
            "allow_stopping_for_update": true,
            "boot_disk": [
              {
                "auto_delete": true,
                "device_name": "fhmhfb54qmbr9f4smpr5",
                "disk_id": "fhmhfb54qmbr9f4smpr5",
                "initialize_params": [
                  {
                    "block_size": 4096,
                    "description": "",
                    "image_id": "fd8de1idq8noos4s3lfb",
                    "name": "",
                    "size": 10,
                    "snapshot_id": "",
                    "type": "network-hdd"
                  }
                ],
                "mode": "READ_WRITE"
              }
            ],
            "created_at": "2023-07-05T20:11:36Z",
            "description": "TODO: description; {{terraform managed}}",
            "filesystem": [],
            "folder_id": "b1gbcq5a26p0lc4ug961",
            "fqdn": "develop-web-0.ru-central1.internal",
            "gpu_cluster_id": "",
            "hostname": "develop-web-0",
            "id": "fhm0etf32129a2t5k0v7",
            "labels": {
              "env": "develop",
              "project": "undefined"
            },
            "local_disk": [],
            "metadata": {
              "serial-port-enable": "1",
              "user-data": "#cloud-config\nusers:\n  - name: ubuntu\n    groups: sudo\n    shell: /bin/bash\n    sudo: ['ALL=(ALL) NOPASSWD:ALL']\n    ssh_authorized_keys:\n      - ssh-ed25519 AAAAC3NzaC1lZDI1NTE5AAAAIKq8dxK9r+Ca87zUgTgWGlaGMr9sQDNQ20iYAxwPbiNB cch@MBP-Costas\npackage_update: true\npackage_upgrade: false\npackages:\n - vim\n - nginx"
            },
            "metadata_options": [
              {
                "aws_v1_http_endpoint": 1,
                "aws_v1_http_token": 2,
                "gce_http_endpoint": 1,
                "gce_http_token": 1
              }
            ],
            "name": "develop-web-0",
            "network_acceleration_type": "standard",
            "network_interface": [
              {
                "dns_record": [],
                "index": 0,
                "ip_address": "10.0.1.4",
                "ipv4": true,
                "ipv6": false,
                "ipv6_address": "",
                "ipv6_dns_record": [],
                "mac_address": "d0:0d:77:5e:31:04",
                "nat": true,
                "nat_dns_record": [],
                "nat_ip_address": "84.201.156.112",
                "nat_ip_version": "IPV4",
                "security_group_ids": [],
                "subnet_id": "e9bnamp2jkhdofg58lra"
              }
            ],
            "placement_policy": [
              {
                "host_affinity_rules": [],
                "placement_group_id": ""
              }
            ],
            "platform_id": "standard-v1",
            "resources": [
              {
                "core_fraction": 5,
                "cores": 2,
                "gpus": 0,
                "memory": 1
              }
            ],
            "scheduling_policy": [
              {
                "preemptible": true
              }
            ],
            "secondary_disk": [],
            "service_account_id": "",
            "status": "running",
            "timeouts": null,
            "zone": "ru-central1-a"
          },
          "sensitive_attributes": [],
          "private": "eyJlMmJmYjczMC1lY2FhLTExZTYtOGY4OC0zNDM2M2JjN2M0YzAiOnsiY3JlYXRlIjozMDAwMDAwMDAwMDAsImRlbGV0ZSI6MzAwMDAwMDAwMDAwLCJ1cGRhdGUiOjMwMDAwMDAwMDAwMH0sInNjaGVtYV92ZXJzaW9uIjoiMSJ9",
          "dependencies": [
            "data.template_file.cloudinit",
            "module.module_network_subnet.yandex_vpc_network.develop",
            "module.module_network_subnet.yandex_vpc_subnet.develop",
            "module.test-vm.data.yandex_compute_image.my_image",
            "yandex_vpc_network.develop",
            "yandex_vpc_subnet.develop"
          ]
        }
      ]
    }
  ],
  "check_results": null
}
